
Microsoft Visual Studio Solution File, Format Version 12.00
# Visual Studio Version 17
VisualStudioVersion = 17.0.31903.59
MinimumVisualStudioVersion = 10.0.40219.1
Project("{2150E333-8FDC-42A3-9474-1A3956D46DE8}") = "src", "src", "{F2105806-66E1-470B-8E1C-C4FCEC64CBC2}"
EndProject
Project("{FAE04EC0-301F-11D3-BF4B-00C04F79EFBC}") = "Bank.Api", "src\Bank.Api\Bank.Api.csproj", "{B3EF1F4B-FB4A-4874-B9AE-90C3F505BBE4}"
EndProject
Project("{FAE04EC0-301F-11D3-BF4B-00C04F79EFBC}") = "Bank.Domain", "src\Bank.Domain\Bank.Domain.csproj", "{0E5A2750-5E34-440C-9B60-0E593C16EFE0}"
EndProject
Project("{FAE04EC0-301F-11D3-BF4B-00C04F79EFBC}") = "Bank.Application", "src\Bank.Application\Bank.Application.csproj", "{B9CC78B7-7897-44B8-BCAB-0F473B29376E}"
EndProject
Project("{FAE04EC0-301F-11D3-BF4B-00C04F79EFBC}") = "Bank.Infrastructure", "src\Bank.Infrastructure\Bank.Infrastructure.csproj", "{47AA1B4B-FC65-4831-BEC5-C82460852C7A}"
EndProject
Project("{2150E333-8FDC-42A3-9474-1A3956D46DE8}") = "tests", "tests", "{70B72EFF-E0A8-4DE8-80D7-C230739CF340}"
EndProject
Project("{FAE04EC0-301F-11D3-BF4B-00C04F79EFBC}") = "Bank.IntegrationTests", "tests\Bank.IntegrationTests\Bank.IntegrationTests.csproj", "{9A6557A9-6B6B-45DA-AA1D-9ADE207BE58F}"
EndProject
Project("{FAE04EC0-301F-11D3-BF4B-00C04F79EFBC}") = "Bank.Api.Tests", "tests\Bank.Api.Tests\Bank.Api.Tests.csproj", "{F158863E-E4C0-4F6A-A58A-DD2A4133F4CC}"
EndProject
Project("{FAE04EC0-301F-11D3-BF4B-00C04F79EFBC}") = "Bank.Application.Tests", "tests\Bank.Application.Tests\Bank.Application.Tests.csproj", "{2E5F51B1-0B4D-456C-AE10-A50221A5401B}"
EndProject
Global
	GlobalSection(SolutionConfigurationPlatforms) = preSolution
		Debug|Any CPU = Debug|Any CPU
		Release|Any CPU = Release|Any CPU
	EndGlobalSection
	GlobalSection(SolutionProperties) = preSolution
		HideSolutionNode = FALSE
	EndGlobalSection
	GlobalSection(ProjectConfigurationPlatforms) = postSolution
		{B3EF1F4B-FB4A-4874-B9AE-90C3F505BBE4}.Debug|Any CPU.ActiveCfg = Debug|Any CPU
		{B3EF1F4B-FB4A-4874-B9AE-90C3F505BBE4}.Debug|Any CPU.Build.0 = Debug|Any CPU
		{B3EF1F4B-FB4A-4874-B9AE-90C3F505BBE4}.Release|Any CPU.ActiveCfg = Release|Any CPU
		{B3EF1F4B-FB4A-4874-B9AE-90C3F505BBE4}.Release|Any CPU.Build.0 = Release|Any CPU
		{0E5A2750-5E34-440C-9B60-0E593C16EFE0}.Debug|Any CPU.ActiveCfg = Debug|Any CPU
		{0E5A2750-5E34-440C-9B60-0E593C16EFE0}.Debug|Any CPU.Build.0 = Debug|Any CPU
		{0E5A2750-5E34-440C-9B60-0E593C16EFE0}.Release|Any CPU.ActiveCfg = Release|Any CPU
		{0E5A2750-5E34-440C-9B60-0E593C16EFE0}.Release|Any CPU.Build.0 = Release|Any CPU
		{B9CC78B7-7897-44B8-BCAB-0F473B29376E}.Debug|Any CPU.ActiveCfg = Debug|Any CPU
		{B9CC78B7-7897-44B8-BCAB-0F473B29376E}.Debug|Any CPU.Build.0 = Debug|Any CPU
		{B9CC78B7-7897-44B8-BCAB-0F473B29376E}.Release|Any CPU.ActiveCfg = Release|Any CPU
		{B9CC78B7-7897-44B8-BCAB-0F473B29376E}.Release|Any CPU.Build.0 = Release|Any CPU
		{47AA1B4B-FC65-4831-BEC5-C82460852C7A}.Debug|Any CPU.ActiveCfg = Debug|Any CPU
		{47AA1B4B-FC65-4831-BEC5-C82460852C7A}.Debug|Any CPU.Build.0 = Debug|Any CPU
		{47AA1B4B-FC65-4831-BEC5-C82460852C7A}.Release|Any CPU.ActiveCfg = Release|Any CPU
		{47AA1B4B-FC65-4831-BEC5-C82460852C7A}.Release|Any CPU.Build.0 = Release|Any CPU
		{9A6557A9-6B6B-45DA-AA1D-9ADE207BE58F}.Debug|Any CPU.ActiveCfg = Debug|Any CPU
		{9A6557A9-6B6B-45DA-AA1D-9ADE207BE58F}.Debug|Any CPU.Build.0 = Debug|Any CPU
		{9A6557A9-6B6B-45DA-AA1D-9ADE207BE58F}.Release|Any CPU.ActiveCfg = Release|Any CPU
		{9A6557A9-6B6B-45DA-AA1D-9ADE207BE58F}.Release|Any CPU.Build.0 = Release|Any CPU
		{F158863E-E4C0-4F6A-A58A-DD2A4133F4CC}.Debug|Any CPU.ActiveCfg = Debug|Any CPU
		{F158863E-E4C0-4F6A-A58A-DD2A4133F4CC}.Debug|Any CPU.Build.0 = Debug|Any CPU
		{F158863E-E4C0-4F6A-A58A-DD2A4133F4CC}.Release|Any CPU.ActiveCfg = Release|Any CPU
		{F158863E-E4C0-4F6A-A58A-DD2A4133F4CC}.Release|Any CPU.Build.0 = Release|Any CPU
		{2E5F51B1-0B4D-456C-AE10-A50221A5401B}.Debug|Any CPU.ActiveCfg = Debug|Any CPU
		{2E5F51B1-0B4D-456C-AE10-A50221A5401B}.Debug|Any CPU.Build.0 = Debug|Any CPU
		{2E5F51B1-0B4D-456C-AE10-A50221A5401B}.Release|Any CPU.ActiveCfg = Release|Any CPU
		{2E5F51B1-0B4D-456C-AE10-A50221A5401B}.Release|Any CPU.Build.0 = Release|Any CPU
	EndGlobalSection
	GlobalSection(NestedProjects) = preSolution
		{B3EF1F4B-FB4A-4874-B9AE-90C3F505BBE4} = {F2105806-66E1-470B-8E1C-C4FCEC64CBC2}
		{0E5A2750-5E34-440C-9B60-0E593C16EFE0} = {F2105806-66E1-470B-8E1C-C4FCEC64CBC2}
		{B9CC78B7-7897-44B8-BCAB-0F473B29376E} = {F2105806-66E1-470B-8E1C-C4FCEC64CBC2}
		{47AA1B4B-FC65-4831-BEC5-C82460852C7A} = {F2105806-66E1-470B-8E1C-C4FCEC64CBC2}
		{9A6557A9-6B6B-45DA-AA1D-9ADE207BE58F} = {70B72EFF-E0A8-4DE8-80D7-C230739CF340}
		{F158863E-E4C0-4F6A-A58A-DD2A4133F4CC} = {70B72EFF-E0A8-4DE8-80D7-C230739CF340}
		{2E5F51B1-0B4D-456C-AE10-A50221A5401B} = {70B72EFF-E0A8-4DE8-80D7-C230739CF340}
	EndGlobalSection
EndGlobal
